
Microsoft Visual Studio Solution File, Format Version 12.00
# Visual Studio Version 16
VisualStudioVersion = 16.0.30114.105
MinimumVisualStudioVersion = 10.0.40219.1
Project("{9A19103F-16F7-4668-BE54-9A1E7A4F7556}") = "Savanna", "Savanna.csproj", "{EED1CBF7-37F4-482E-91B0-982538574A4E}"
EndProject
Project("{FAE04EC0-301F-11D3-BF4B-00C04F79EFBC}") = "AnimalsClassLibrary", "..\AnimalsClassLibrary\AnimalsClassLibrary.csproj", "{099B3808-3269-4B28-9DD8-0652F09A3DD9}"
EndProject
Project("{FAE04EC0-301F-11D3-BF4B-00C04F79EFBC}") = "AnimalTypeClassLibrary", "..\AnimalTypeClassLibrary\AnimalTypeClassLibrary.csproj", "{4916D14E-EE3A-4855-A45E-3294F8317B64}"
EndProject
Project("{FAE04EC0-301F-11D3-BF4B-00C04F79EFBC}") = "GameObjectsClassLibrary", "..\GameObjectsClassLibrary\GameObjectsClassLibrary.csproj", "{1B1C7E38-42F1-4C43-95D0-F0A47A2337C2}"
EndProject
Global
	GlobalSection(SolutionConfigurationPlatforms) = preSolution
		Debug|Any CPU = Debug|Any CPU
		Release|Any CPU = Release|Any CPU
	EndGlobalSection
	GlobalSection(ProjectConfigurationPlatforms) = postSolution
		{EED1CBF7-37F4-482E-91B0-982538574A4E}.Debug|Any CPU.ActiveCfg = Debug|Any CPU
		{EED1CBF7-37F4-482E-91B0-982538574A4E}.Debug|Any CPU.Build.0 = Debug|Any CPU
		{EED1CBF7-37F4-482E-91B0-982538574A4E}.Release|Any CPU.ActiveCfg = Release|Any CPU
		{EED1CBF7-37F4-482E-91B0-982538574A4E}.Release|Any CPU.Build.0 = Release|Any CPU
		{099B3808-3269-4B28-9DD8-0652F09A3DD9}.Debug|Any CPU.ActiveCfg = Debug|Any CPU
		{099B3808-3269-4B28-9DD8-0652F09A3DD9}.Debug|Any CPU.Build.0 = Debug|Any CPU
		{099B3808-3269-4B28-9DD8-0652F09A3DD9}.Release|Any CPU.ActiveCfg = Release|Any CPU
		{099B3808-3269-4B28-9DD8-0652F09A3DD9}.Release|Any CPU.Build.0 = Release|Any CPU
		{4916D14E-EE3A-4855-A45E-3294F8317B64}.Debug|Any CPU.ActiveCfg = Debug|Any CPU
		{4916D14E-EE3A-4855-A45E-3294F8317B64}.Debug|Any CPU.Build.0 = Debug|Any CPU
		{4916D14E-EE3A-4855-A45E-3294F8317B64}.Release|Any CPU.ActiveCfg = Release|Any CPU
		{4916D14E-EE3A-4855-A45E-3294F8317B64}.Release|Any CPU.Build.0 = Release|Any CPU
		{1B1C7E38-42F1-4C43-95D0-F0A47A2337C2}.Debug|Any CPU.ActiveCfg = Debug|Any CPU
		{1B1C7E38-42F1-4C43-95D0-F0A47A2337C2}.Debug|Any CPU.Build.0 = Debug|Any CPU
		{1B1C7E38-42F1-4C43-95D0-F0A47A2337C2}.Release|Any CPU.ActiveCfg = Release|Any CPU
		{1B1C7E38-42F1-4C43-95D0-F0A47A2337C2}.Release|Any CPU.Build.0 = Release|Any CPU
	EndGlobalSection
	GlobalSection(SolutionProperties) = preSolution
		HideSolutionNode = FALSE
	EndGlobalSection
	GlobalSection(ExtensibilityGlobals) = postSolution
		SolutionGuid = {00D34576-3384-4276-AA7F-A06F12D5EA50}
	EndGlobalSection
EndGlobal
